{
  "name": "@toancong/lazyloadjs",
  "version": "0.0.1",
  "lockfileVersion": 1,
  "requires": true,
  "dependencies": {
    "jsonapi-datastore": {
      "version": "0.4.0-beta",
      "resolved": "https://registry.npmjs.org/jsonapi-datastore/-/jsonapi-datastore-0.4.0-beta.tgz",
      "integrity": "sha1-tJn86STUXivDxheGgVIAY+I2HxA="
    }
  }
}
